
Microsoft Visual Studio Solution File, Format Version 12.00
# Visual Studio Version 17
VisualStudioVersion = 17.3.32929.385
MinimumVisualStudioVersion = 10.0.40219.1
Project("{9A19103F-16F7-4668-BE54-9A1E7A4F7556}") = "DiscordMusicBot.Runner", "DiscordMusicBot.Runner\DiscordMusicBot.Runner.csproj", "{6760DD8B-39DD-4719-A98A-0F1AE22F7AD2}"
EndProject
Project("{9A19103F-16F7-4668-BE54-9A1E7A4F7556}") = "DiscordMusicBot.Client", "DiscordMusicBot.Client\DiscordMusicBot.Client.csproj", "{131927B2-29F5-45E6-A5FA-25D6D9082971}"
EndProject
Project("{9A19103F-16F7-4668-BE54-9A1E7A4F7556}") = "DiscordMusicBot.Core", "DiscordMusicBot.Core\DiscordMusicBot.Core.csproj", "{DCC4AFEB-DFCB-4A2A-8D3A-15F7D3C91941}"
EndProject
Project("{9A19103F-16F7-4668-BE54-9A1E7A4F7556}") = "DiscordMusicBot.FrontEnd", "DiscordMusicBot.FrontEnd\DiscordMusicBot.FrontEnd.csproj", "{90BF1B89-703C-4FE5-BA11-8BDA3B6F0D1A}"
EndProject
Project("{9A19103F-16F7-4668-BE54-9A1E7A4F7556}") = "DiscordMusicBot.FrontEnd.Desktop", "DiscordMusicBot.FrontEnd.Desktop\DiscordMusicBot.FrontEnd.Desktop.csproj", "{FF5F1FD7-E42C-49E9-BE44-43DFF7E9A57E}"
EndProject
Global
	GlobalSection(SolutionConfigurationPlatforms) = preSolution
		Debug|Any CPU = Debug|Any CPU
		Debug|ARM64 = Debug|ARM64
		Debug|x64 = Debug|x64
		Debug|x86 = Debug|x86
		Release|Any CPU = Release|Any CPU
		Release|ARM64 = Release|ARM64
		Release|x64 = Release|x64
		Release|x86 = Release|x86
	EndGlobalSection
	GlobalSection(ProjectConfigurationPlatforms) = postSolution
		{6760DD8B-39DD-4719-A98A-0F1AE22F7AD2}.Debug|Any CPU.ActiveCfg = Debug|Any CPU
		{6760DD8B-39DD-4719-A98A-0F1AE22F7AD2}.Debug|Any CPU.Build.0 = Debug|Any CPU
		{6760DD8B-39DD-4719-A98A-0F1AE22F7AD2}.Debug|ARM64.ActiveCfg = Debug|Any CPU
		{6760DD8B-39DD-4719-A98A-0F1AE22F7AD2}.Debug|ARM64.Build.0 = Debug|Any CPU
		{6760DD8B-39DD-4719-A98A-0F1AE22F7AD2}.Debug|x64.ActiveCfg = Debug|Any CPU
		{6760DD8B-39DD-4719-A98A-0F1AE22F7AD2}.Debug|x64.Build.0 = Debug|Any CPU
		{6760DD8B-39DD-4719-A98A-0F1AE22F7AD2}.Debug|x86.ActiveCfg = Debug|Any CPU
		{6760DD8B-39DD-4719-A98A-0F1AE22F7AD2}.Debug|x86.Build.0 = Debug|Any CPU
		{6760DD8B-39DD-4719-A98A-0F1AE22F7AD2}.Release|Any CPU.ActiveCfg = Release|Any CPU
		{6760DD8B-39DD-4719-A98A-0F1AE22F7AD2}.Release|Any CPU.Build.0 = Release|Any CPU
		{6760DD8B-39DD-4719-A98A-0F1AE22F7AD2}.Release|ARM64.ActiveCfg = Release|Any CPU
		{6760DD8B-39DD-4719-A98A-0F1AE22F7AD2}.Release|ARM64.Build.0 = Release|Any CPU
		{6760DD8B-39DD-4719-A98A-0F1AE22F7AD2}.Release|x64.ActiveCfg = Release|Any CPU
		{6760DD8B-39DD-4719-A98A-0F1AE22F7AD2}.Release|x64.Build.0 = Release|Any CPU
		{6760DD8B-39DD-4719-A98A-0F1AE22F7AD2}.Release|x86.ActiveCfg = Release|Any CPU
		{6760DD8B-39DD-4719-A98A-0F1AE22F7AD2}.Release|x86.Build.0 = Release|Any CPU
		{131927B2-29F5-45E6-A5FA-25D6D9082971}.Debug|Any CPU.ActiveCfg = Debug|Any CPU
		{131927B2-29F5-45E6-A5FA-25D6D9082971}.Debug|Any CPU.Build.0 = Debug|Any CPU
		{131927B2-29F5-45E6-A5FA-25D6D9082971}.Debug|ARM64.ActiveCfg = Debug|Any CPU
		{131927B2-29F5-45E6-A5FA-25D6D9082971}.Debug|ARM64.Build.0 = Debug|Any CPU
		{131927B2-29F5-45E6-A5FA-25D6D9082971}.Debug|x64.ActiveCfg = Debug|Any CPU
		{131927B2-29F5-45E6-A5FA-25D6D9082971}.Debug|x64.Build.0 = Debug|Any CPU
		{131927B2-29F5-45E6-A5FA-25D6D9082971}.Debug|x86.ActiveCfg = Debug|Any CPU
		{131927B2-29F5-45E6-A5FA-25D6D9082971}.Debug|x86.Build.0 = Debug|Any CPU
		{131927B2-29F5-45E6-A5FA-25D6D9082971}.Release|Any CPU.ActiveCfg = Release|Any CPU
		{131927B2-29F5-45E6-A5FA-25D6D9082971}.Release|Any CPU.Build.0 = Release|Any CPU
		{131927B2-29F5-45E6-A5FA-25D6D9082971}.Release|ARM64.ActiveCfg = Release|Any CPU
		{131927B2-29F5-45E6-A5FA-25D6D9082971}.Release|ARM64.Build.0 = Release|Any CPU
		{131927B2-29F5-45E6-A5FA-25D6D9082971}.Release|x64.ActiveCfg = Release|Any CPU
		{131927B2-29F5-45E6-A5FA-25D6D9082971}.Release|x64.Build.0 = Release|Any CPU
		{131927B2-29F5-45E6-A5FA-25D6D9082971}.Release|x86.ActiveCfg = Release|Any CPU
		{131927B2-29F5-45E6-A5FA-25D6D9082971}.Release|x86.Build.0 = Release|Any CPU
		{DCC4AFEB-DFCB-4A2A-8D3A-15F7D3C91941}.Debug|Any CPU.ActiveCfg = Debug|Any CPU
		{DCC4AFEB-DFCB-4A2A-8D3A-15F7D3C91941}.Debug|Any CPU.Build.0 = Debug|Any CPU
		{DCC4AFEB-DFCB-4A2A-8D3A-15F7D3C91941}.Debug|ARM64.ActiveCfg = Debug|Any CPU
		{DCC4AFEB-DFCB-4A2A-8D3A-15F7D3C91941}.Debug|ARM64.Build.0 = Debug|Any CPU
		{DCC4AFEB-DFCB-4A2A-8D3A-15F7D3C91941}.Debug|x64.ActiveCfg = Debug|Any CPU
		{DCC4AFEB-DFCB-4A2A-8D3A-15F7D3C91941}.Debug|x64.Build.0 = Debug|Any CPU
		{DCC4AFEB-DFCB-4A2A-8D3A-15F7D3C91941}.Debug|x86.ActiveCfg = Debug|Any CPU
		{DCC4AFEB-DFCB-4A2A-8D3A-15F7D3C91941}.Debug|x86.Build.0 = Debug|Any CPU
		{DCC4AFEB-DFCB-4A2A-8D3A-15F7D3C91941}.Release|Any CPU.ActiveCfg = Release|Any CPU
		{DCC4AFEB-DFCB-4A2A-8D3A-15F7D3C91941}.Release|Any CPU.Build.0 = Release|Any CPU
		{DCC4AFEB-DFCB-4A2A-8D3A-15F7D3C91941}.Release|ARM64.ActiveCfg = Release|Any CPU
		{DCC4AFEB-DFCB-4A2A-8D3A-15F7D3C91941}.Release|ARM64.Build.0 = Release|Any CPU
		{DCC4AFEB-DFCB-4A2A-8D3A-15F7D3C91941}.Release|x64.ActiveCfg = Release|Any CPU
		{DCC4AFEB-DFCB-4A2A-8D3A-15F7D3C91941}.Release|x64.Build.0 = Release|Any CPU
		{DCC4AFEB-DFCB-4A2A-8D3A-15F7D3C91941}.Release|x86.ActiveCfg = Release|Any CPU
		{DCC4AFEB-DFCB-4A2A-8D3A-15F7D3C91941}.Release|x86.Build.0 = Release|Any CPU
		{90BF1B89-703C-4FE5-BA11-8BDA3B6F0D1A}.Debug|Any CPU.ActiveCfg = Debug|Any CPU
		{90BF1B89-703C-4FE5-BA11-8BDA3B6F0D1A}.Debug|Any CPU.Build.0 = Debug|Any CPU
		{90BF1B89-703C-4FE5-BA11-8BDA3B6F0D1A}.Debug|ARM64.ActiveCfg = Debug|Any CPU
		{90BF1B89-703C-4FE5-BA11-8BDA3B6F0D1A}.Debug|ARM64.Build.0 = Debug|Any CPU
		{90BF1B89-703C-4FE5-BA11-8BDA3B6F0D1A}.Debug|x64.ActiveCfg = Debug|Any CPU
		{90BF1B89-703C-4FE5-BA11-8BDA3B6F0D1A}.Debug|x64.Build.0 = Debug|Any CPU
		{90BF1B89-703C-4FE5-BA11-8BDA3B6F0D1A}.Debug|x86.ActiveCfg = Debug|Any CPU
		{90BF1B89-703C-4FE5-BA11-8BDA3B6F0D1A}.Debug|x86.Build.0 = Debug|Any CPU
		{90BF1B89-703C-4FE5-BA11-8BDA3B6F0D1A}.Release|Any CPU.ActiveCfg = Release|Any CPU
		{90BF1B89-703C-4FE5-BA11-8BDA3B6F0D1A}.Release|Any CPU.Build.0 = Release|Any CPU
		{90BF1B89-703C-4FE5-BA11-8BDA3B6F0D1A}.Release|ARM64.ActiveCfg = Release|Any CPU
		{90BF1B89-703C-4FE5-BA11-8BDA3B6F0D1A}.Release|ARM64.Build.0 = Release|Any CPU
		{90BF1B89-703C-4FE5-BA11-8BDA3B6F0D1A}.Release|x64.ActiveCfg = Release|Any CPU
		{90BF1B89-703C-4FE5-BA11-8BDA3B6F0D1A}.Release|x64.Build.0 = Release|Any CPU
		{90BF1B89-703C-4FE5-BA11-8BDA3B6F0D1A}.Release|x86.ActiveCfg = Release|Any CPU
		{90BF1B89-703C-4FE5-BA11-8BDA3B6F0D1A}.Release|x86.Build.0 = Release|Any CPU
		{FF5F1FD7-E42C-49E9-BE44-43DFF7E9A57E}.Debug|Any CPU.ActiveCfg = Debug|Any CPU
		{FF5F1FD7-E42C-49E9-BE44-43DFF7E9A57E}.Debug|Any CPU.Build.0 = Debug|Any CPU
		{FF5F1FD7-E42C-49E9-BE44-43DFF7E9A57E}.Debug|ARM64.ActiveCfg = Debug|Any CPU
		{FF5F1FD7-E42C-49E9-BE44-43DFF7E9A57E}.Debug|ARM64.Build.0 = Debug|Any CPU
		{FF5F1FD7-E42C-49E9-BE44-43DFF7E9A57E}.Debug|x64.ActiveCfg = Debug|Any CPU
		{FF5F1FD7-E42C-49E9-BE44-43DFF7E9A57E}.Debug|x64.Build.0 = Debug|Any CPU
		{FF5F1FD7-E42C-49E9-BE44-43DFF7E9A57E}.Debug|x86.ActiveCfg = Debug|Any CPU
		{FF5F1FD7-E42C-49E9-BE44-43DFF7E9A57E}.Debug|x86.Build.0 = Debug|Any CPU
		{FF5F1FD7-E42C-49E9-BE44-43DFF7E9A57E}.Release|Any CPU.ActiveCfg = Release|Any CPU
		{FF5F1FD7-E42C-49E9-BE44-43DFF7E9A57E}.Release|Any CPU.Build.0 = Release|Any CPU
		{FF5F1FD7-E42C-49E9-BE44-43DFF7E9A57E}.Release|ARM64.ActiveCfg = Release|Any CPU
		{FF5F1FD7-E42C-49E9-BE44-43DFF7E9A57E}.Release|ARM64.Build.0 = Release|Any CPU
		{FF5F1FD7-E42C-49E9-BE44-43DFF7E9A57E}.Release|x64.ActiveCfg = Release|Any CPU
		{FF5F1FD7-E42C-49E9-BE44-43DFF7E9A57E}.Release|x64.Build.0 = Release|Any CPU
		{FF5F1FD7-E42C-49E9-BE44-43DFF7E9A57E}.Release|x86.ActiveCfg = Release|Any CPU
		{FF5F1FD7-E42C-49E9-BE44-43DFF7E9A57E}.Release|x86.Build.0 = Release|Any CPU
	EndGlobalSection
	GlobalSection(SolutionProperties) = preSolution
		HideSolutionNode = FALSE
	EndGlobalSection
	GlobalSection(ExtensibilityGlobals) = postSolution
		SolutionGuid = {3F567AD5-7EC8-4726-B269-711B006ED7C6}
	EndGlobalSection
EndGlobal
