
Microsoft Visual Studio Solution File, Format Version 12.00
# Visual Studio Version 17
VisualStudioVersion = 17.3.32929.385
MinimumVisualStudioVersion = 10.0.40219.1
Project("{9A19103F-16F7-4668-BE54-9A1E7A4F7556}") = "DiscordMusicBot.Runner", "DiscordMusicBot.Runner\DiscordMusicBot.Runner.csproj", "{6760DD8B-39DD-4719-A98A-0F1AE22F7AD2}"
EndProject
Project("{FAE04EC0-301F-11D3-BF4B-00C04F79EFBC}") = "DiscordMusicBot.Client", "DiscordMusicBot.Client\DiscordMusicBot.Client.csproj", "{131927B2-29F5-45E6-A5FA-25D6D9082971}"
EndProject
Project("{FAE04EC0-301F-11D3-BF4B-00C04F79EFBC}") = "DiscordMusicBot.Core", "DiscordMusicBot.Core\DiscordMusicBot.Core.csproj", "{DCC4AFEB-DFCB-4A2A-8D3A-15F7D3C91941}"
EndProject
Global
	GlobalSection(SolutionConfigurationPlatforms) = preSolution
		Debug|Any CPU = Debug|Any CPU
		Release|Any CPU = Release|Any CPU
	EndGlobalSection
	GlobalSection(ProjectConfigurationPlatforms) = postSolution
		{6760DD8B-39DD-4719-A98A-0F1AE22F7AD2}.Debug|Any CPU.ActiveCfg = Debug|Any CPU
		{6760DD8B-39DD-4719-A98A-0F1AE22F7AD2}.Debug|Any CPU.Build.0 = Debug|Any CPU
		{6760DD8B-39DD-4719-A98A-0F1AE22F7AD2}.Release|Any CPU.ActiveCfg = Release|Any CPU
		{6760DD8B-39DD-4719-A98A-0F1AE22F7AD2}.Release|Any CPU.Build.0 = Release|Any CPU
		{131927B2-29F5-45E6-A5FA-25D6D9082971}.Debug|Any CPU.ActiveCfg = Debug|Any CPU
		{131927B2-29F5-45E6-A5FA-25D6D9082971}.Debug|Any CPU.Build.0 = Debug|Any CPU
		{131927B2-29F5-45E6-A5FA-25D6D9082971}.Release|Any CPU.ActiveCfg = Release|Any CPU
		{131927B2-29F5-45E6-A5FA-25D6D9082971}.Release|Any CPU.Build.0 = Release|Any CPU
		{DCC4AFEB-DFCB-4A2A-8D3A-15F7D3C91941}.Debug|Any CPU.ActiveCfg = Debug|Any CPU
		{DCC4AFEB-DFCB-4A2A-8D3A-15F7D3C91941}.Debug|Any CPU.Build.0 = Debug|Any CPU
		{DCC4AFEB-DFCB-4A2A-8D3A-15F7D3C91941}.Release|Any CPU.ActiveCfg = Release|Any CPU
		{DCC4AFEB-DFCB-4A2A-8D3A-15F7D3C91941}.Release|Any CPU.Build.0 = Release|Any CPU
	EndGlobalSection
	GlobalSection(SolutionProperties) = preSolution
		HideSolutionNode = FALSE
	EndGlobalSection
	GlobalSection(ExtensibilityGlobals) = postSolution
		SolutionGuid = {3F567AD5-7EC8-4726-B269-711B006ED7C6}
	EndGlobalSection
EndGlobal
